
Microsoft Visual Studio Solution File, Format Version 12.00
# Visual Studio Version 17
VisualStudioVersion = 17.4.33110.190
MinimumVisualStudioVersion = 10.0.40219.1
Project("{FAE04EC0-301F-11D3-BF4B-00C04F79EFBC}") = "UnitTesting_APiSample", "UnitTesting_APiSample\UnitTesting_APiSample.csproj", "{2493FD40-8728-4A62-9EEE-C26EEF6AF588}"
EndProject
Project("{FAE04EC0-301F-11D3-BF4B-00C04F79EFBC}") = "TestProject", "TestProject\TestProject.csproj", "{84193B34-1609-4715-8437-C332DE9D432E}"
EndProject
Global
	GlobalSection(SolutionConfigurationPlatforms) = preSolution
		Debug|Any CPU = Debug|Any CPU
		Release|Any CPU = Release|Any CPU
	EndGlobalSection
	GlobalSection(ProjectConfigurationPlatforms) = postSolution
		{2493FD40-8728-4A62-9EEE-C26EEF6AF588}.Debug|Any CPU.ActiveCfg = Debug|Any CPU
		{2493FD40-8728-4A62-9EEE-C26EEF6AF588}.Debug|Any CPU.Build.0 = Debug|Any CPU
		{2493FD40-8728-4A62-9EEE-C26EEF6AF588}.Release|Any CPU.ActiveCfg = Release|Any CPU
		{2493FD40-8728-4A62-9EEE-C26EEF6AF588}.Release|Any CPU.Build.0 = Release|Any CPU
		{84193B34-1609-4715-8437-C332DE9D432E}.Debug|Any CPU.ActiveCfg = Debug|Any CPU
		{84193B34-1609-4715-8437-C332DE9D432E}.Debug|Any CPU.Build.0 = Debug|Any CPU
		{84193B34-1609-4715-8437-C332DE9D432E}.Release|Any CPU.ActiveCfg = Release|Any CPU
		{84193B34-1609-4715-8437-C332DE9D432E}.Release|Any CPU.Build.0 = Release|Any CPU
	EndGlobalSection
	GlobalSection(SolutionProperties) = preSolution
		HideSolutionNode = FALSE
	EndGlobalSection
	GlobalSection(ExtensibilityGlobals) = postSolution
		SolutionGuid = {5818FA7B-DD26-4A3C-9BAD-BA8BF3E703EA}
	EndGlobalSection
EndGlobal
